PODS:
  - Flutter (1.0.0)
  - integration_test (0.0.1):
    - Flutter
  - kyc_plugin_rcs (0.0.1):
    - Flutter

DEPENDENCIES:
  - Flutter (from `Flutter`)
  - integration_test (from `.symlinks/plugins/integration_test/ios`)
  - kyc_plugin_rcs (from `.symlinks/plugins/kyc_plugin_rcs/ios`)

EXTERNAL SOURCES:
  Flutter:
    :path: Flutter
  integration_test:
    :path: ".symlinks/plugins/integration_test/ios"
  kyc_plugin_rcs:
    :path: ".symlinks/plugins/kyc_plugin_rcs/ios"

SPEC CHECKSUMS:
  Flutter: e0871f40cf51350855a761d2e70bf5af5b9b5de7
  integration_test: 252f60fa39af5e17c3aa9899d35d908a0721b573
  kyc_plugin_rcs: 6002d11987f9ad99921eac98b7f5849ba4a7f5e0

PODFILE CHECKSUM: 819463e6a0290f5a72f145ba7cde16e8b6ef0796

COCOAPODS: 1.16.2
